{
  "name": "openapi-agent-reference",
  "version": "2.0.0",
  "lockfileVersion": 3,
  "requires": true,
  "packages": {
    "": {
      "name": "openapi-agent-reference",
      "version": "2.0.0",
      "license": "MIT",
      "bin": {
        "openapi-md": "bin/openapi-md.js"
      },
      "engines": {
        "node": ">=22"
      }
    }
  }
}
